
Microsoft Visual Studio Solution File, Format Version 12.00
# Visual Studio Version 16
VisualStudioVersion = 16.0.29519.87
MinimumVisualStudioVersion = 10.0.40219.1
Project("{FAE04EC0-301F-11D3-BF4B-00C04F79EFBC}") = "EssentialJS2WebApplication1", "EssentialJS2WebApplication1\EssentialJS2WebApplication1.csproj", "{C79FD8C3-3E0E-46CC-AF12-31441BBDF51A}"
EndProject
Global
	GlobalSection(SolutionConfigurationPlatforms) = preSolution
		Debug|Any CPU = Debug|Any CPU
		Release|Any CPU = Release|Any CPU
	EndGlobalSection
	GlobalSection(ProjectConfigurationPlatforms) = postSolution
		{C79FD8C3-3E0E-46CC-AF12-31441BBDF51A}.Debug|Any CPU.ActiveCfg = Debug|Any CPU
		{C79FD8C3-3E0E-46CC-AF12-31441BBDF51A}.Debug|Any CPU.Build.0 = Debug|Any CPU
		{C79FD8C3-3E0E-46CC-AF12-31441BBDF51A}.Release|Any CPU.ActiveCfg = Release|Any CPU
		{C79FD8C3-3E0E-46CC-AF12-31441BBDF51A}.Release|Any CPU.Build.0 = Release|Any CPU
	EndGlobalSection
	GlobalSection(SolutionProperties) = preSolution
		HideSolutionNode = FALSE
	EndGlobalSection
	GlobalSection(ExtensibilityGlobals) = postSolution
		SolutionGuid = {E6DD3E8D-677F-42D9-8E6F-ABC5E9BE24B4}
	EndGlobalSection
EndGlobal
